// !$*UTF8*$!
{
	archiveVersion = 1;
	classes = {
	};
	objectVersion = 55;
	objects = {

/* Begin PBXBuildFile section */
		B03CB48C2982E00600293B0D /* MainTabBarViewController.swift in Sources */ = {isa = PBXBuildFile; fileRef = B03CB48B2982E00600293B0D /* MainTabBarViewController.swift */; };
		B03CB48F2982EAE500293B0D /* HomeViewController.swift in Sources */ = {isa = PBXBuildFile; fileRef = B03CB48E2982EAE500293B0D /* HomeViewController.swift */; };
		B03CB4912982EAFC00293B0D /* SearchViewController.swift in Sources */ = {isa = PBXBuildFile; fileRef = B03CB4902982EAFC00293B0D /* SearchViewController.swift */; };
		B03CB4932982EB6F00293B0D /* FavoriteViewController.swift in Sources */ = {isa = PBXBuildFile; fileRef = B03CB4922982EB6F00293B0D /* FavoriteViewController.swift */; };
		B03CB4952982EB8A00293B0D /* ProfileViewController.swift in Sources */ = {isa = PBXBuildFile; fileRef = B03CB4942982EB8A00293B0D /* ProfileViewController.swift */; };
		B03CB49C2982EB8A00293B0D /* CollectionViewTableViewCell.swift in Sources */ = {isa = PBXBuildFile; fileRef = B03CB49B2982EB8A00293B0D /* CollectionViewTableViewCell.swift */; };
		B04FB0112982FA5F00630D8D /* HeaderUIView.swift in Sources */ = {isa = PBXBuildFile; fileRef = B04FB0102982FA5F00630D8D /* HeaderUIView.swift */; };
		B07D00FD29805CA8002268BC /* AppDelegate.swift in Sources */ = {isa = PBXBuildFile; fileRef = B07D00FC29805CA8002268BC /* AppDelegate.swift */; };
		B07D00FF29805CA8002268BC /* SceneDelegate.swift in Sources */ = {isa = PBXBuildFile; fileRef = B07D00FE29805CA8002268BC /* SceneDelegate.swift */; };
		B07D010129805CA8002268BC /* ViewController.swift in Sources */ = {isa = PBXBuildFile; fileRef = B07D010029805CA8002268BC /* ViewController.swift */; };
		B07D010629805CA9002268BC /* Assets.xcassets in Resources */ = {isa = PBXBuildFile; fileRef = B07D010529805CA9002268BC /* Assets.xcassets */; };
		B07D010929805CA9002268BC /* LaunchScreen.storyboard in Resources */ = {isa = PBXBuildFile; fileRef = B07D010729805CA9002268BC /* LaunchScreen.storyboard */; };
/* End PBXBuildFile section */

/* Begin PBXFileReference section */
		B03CB48B2982E00600293B0D /* MainTabBarViewController.swift */ = {isa = PBXFileReference; lastKnownFileType = sourcecode.swift; path = MainTabBarViewController.swift; sourceTree = "<group>"; };
		B03CB48E2982EAE500293B0D /* HomeViewController.swift */ = {isa = PBXFileReference; lastKnownFileType = sourcecode.swift; path = HomeViewController.swift; sourceTree = "<group>"; };
		B03CB4902982EAFC00293B0D /* SearchViewController.swift */ = {isa = PBXFileReference; lastKnownFileType = sourcecode.swift; path = SearchViewController.swift; sourceTree = "<group>"; };
		B03CB4922982EB6F00293B0D /* FavoriteViewController.swift */ = {isa = PBXFileReference; lastKnownFileType = sourcecode.swift; path = FavoriteViewController.swift; sourceTree = "<group>"; };
		B03CB4942982EB8A00293B0D /* ProfileViewController.swift */ = {isa = PBXFileReference; lastKnownFileType = sourcecode.swift; path = ProfileViewController.swift; sourceTree = "<group>"; };
		B03CB49B2982EB8A00293B0D /* CollectionViewTableViewCell.swift */ = {isa = PBXFileReference; lastKnownFileType = sourcecode.swift; path = CollectionViewTableViewCell.swift; sourceTree = "<group>"; };
		B04FB0102982FA5F00630D8D /* HeaderUIView.swift */ = {isa = PBXFileReference; lastKnownFileType = sourcecode.swift; path = HeaderUIView.swift; sourceTree = "<group>"; };
		B07D00F929805CA8002268BC /* FoodApp-iOS.app */ = {isa = PBXFileReference; explicitFileType = wrapper.application; includeInIndex = 0; path = "FoodApp-iOS.app"; sourceTree = BUILT_PRODUCTS_DIR; };
		B07D00FC29805CA8002268BC /* AppDelegate.swift */ = {isa = PBXFileReference; lastKnownFileType = sourcecode.swift; path = AppDelegate.swift; sourceTree = "<group>"; };
		B07D00FE29805CA8002268BC /* SceneDelegate.swift */ = {isa = PBXFileReference; lastKnownFileType = sourcecode.swift; path = SceneDelegate.swift; sourceTree = "<group>"; };
		B07D010029805CA8002268BC /* ViewController.swift */ = {isa = PBXFileReference; lastKnownFileType = sourcecode.swift; path = ViewController.swift; sourceTree = "<group>"; };
		B07D010529805CA9002268BC /* Assets.xcassets */ = {isa = PBXFileReference; lastKnownFileType = folder.assetcatalog; path = Assets.xcassets; sourceTree = "<group>"; };
		B07D010829805CA9002268BC /* Base */ = {isa = PBXFileReference; lastKnownFileType = file.storyboard; name = Base; path = Base.lproj/LaunchScreen.storyboard; sourceTree = "<group>"; };
		B07D010A29805CA9002268BC /* Info.plist */ = {isa = PBXFileReference; lastKnownFileType = text.plist.xml; path = Info.plist; sourceTree = "<group>"; };
/* End PBXFileReference section */

/* Begin PBXFrameworksBuildPhase section */
		B07D00F629805CA8002268BC /* Frameworks */ = {
			isa = PBXFrameworksBuildPhase;
			buildActionMask = 2147483647;
			files = (
			);
			runOnlyForDeploymentPostprocessing = 0;
		};
/* End PBXFrameworksBuildPhase section */

/* Begin PBXGroup section */
		B03CB48D2982EAB300293B0D /* Controllers */ = {
			isa = PBXGroup;
			children = (
				B03CB48E2982EAE500293B0D /* HomeViewController.swift */,
				B03CB4902982EAFC00293B0D /* SearchViewController.swift */,
				B03CB4922982EB6F00293B0D /* FavoriteViewController.swift */,
				B03CB4942982EB8A00293B0D /* ProfileViewController.swift */,
			);
			path = Controllers;
			sourceTree = "<group>";
		};
		B03CB4962982EB8A00293B0D /* ViewModels */ = {
			isa = PBXGroup;
			children = (
			);
			path = ViewModels;
			sourceTree = "<group>";
		};
		B03CB4972982EB8A00293B0D /* Views */ = {
			isa = PBXGroup;
			children = (
				B03CB49B2982EB8A00293B0D /* CollectionViewTableViewCell.swift */,
				B04FB0102982FA5F00630D8D /* HeaderUIView.swift */,
			);
			path = Views;
			sourceTree = "<group>";
		};
		B03CB4982982EB8A00293B0D /* Models */ = {
			isa = PBXGroup;
			children = (
			);
			path = Models;
			sourceTree = "<group>";
		};
		B03CB4992982EB8A00293B0D /* Resources */ = {
			isa = PBXGroup;
			children = (
			);
			path = Resources;
			sourceTree = "<group>";
		};
		B03CB49A2982EB8A00293B0D /* Managers */ = {
			isa = PBXGroup;
			children = (
			);
			path = Managers;
			sourceTree = "<group>";
		};
		B07D00F029805CA8002268BC = {
			isa = PBXGroup;
			children = (
				B07D00FB29805CA8002268BC /* FoodApp-iOS */,
				B07D00FA29805CA8002268BC /* Products */,
			);
			sourceTree = "<group>";
		};
		B07D00FA29805CA8002268BC /* Products */ = {
			isa = PBXGroup;
			children = (
				B07D00F929805CA8002268BC /* FoodApp-iOS.app */,
			);
			name = Products;
			sourceTree = "<group>";
		};
		B07D00FB29805CA8002268BC /* FoodApp-iOS */ = {
			isa = PBXGroup;
			children = (
				B03CB49A2982EB8A00293B0D /* Managers */,
				B03CB4992982EB8A00293B0D /* Resources */,
				B03CB4982982EB8A00293B0D /* Models */,
				B03CB4972982EB8A00293B0D /* Views */,
				B03CB4962982EB8A00293B0D /* ViewModels */,
				B03CB48D2982EAB300293B0D /* Controllers */,
				B07D00FC29805CA8002268BC /* AppDelegate.swift */,
				B07D00FE29805CA8002268BC /* SceneDelegate.swift */,
				B03CB48B2982E00600293B0D /* MainTabBarViewController.swift */,
				B07D010029805CA8002268BC /* ViewController.swift */,
				B07D010529805CA9002268BC /* Assets.xcassets */,
				B07D010729805CA9002268BC /* LaunchScreen.storyboard */,
				B07D010A29805CA9002268BC /* Info.plist */,
			);
			path = "FoodApp-iOS";
			sourceTree = "<group>";
		};
/* End PBXGroup section */

/* Begin PBXNativeTarget section */
		B07D00F829805CA8002268BC /* FoodApp-iOS */ = {
			isa = PBXNativeTarget;
			buildConfigurationList = B07D010D29805CA9002268BC /* Build configuration list for PBXNativeTarget "FoodApp-iOS" */;
			buildPhases = (
				B07D00F529805CA8002268BC /* Sources */,
				B07D00F629805CA8002268BC /* Frameworks */,
				B07D00F729805CA8002268BC /* Resources */,
			);
			buildRules = (
			);
			dependencies = (
			);
			name = "FoodApp-iOS";
			productName = "FoodApp-iOS";
			productReference = B07D00F929805CA8002268BC /* FoodApp-iOS.app */;
			productType = "com.apple.product-type.application";
		};
/* End PBXNativeTarget section */

/* Begin PBXProject section */
		B07D00F129805CA8002268BC /* Project object */ = {
			isa = PBXProject;
			attributes = {
				BuildIndependentTargetsInParallel = 1;
				LastSwiftUpdateCheck = 1300;
				LastUpgradeCheck = 1300;
				TargetAttributes = {
					B07D00F829805CA8002268BC = {
						CreatedOnToolsVersion = 13.0;
					};
				};
			};
			buildConfigurationList = B07D00F429805CA8002268BC /* Build configuration list for PBXProject "FoodApp-iOS" */;
			compatibilityVersion = "Xcode 13.0";
			developmentRegion = en;
			hasScannedForEncodings = 0;
			knownRegions = (
				en,
				Base,
			);
			mainGroup = B07D00F029805CA8002268BC;
			productRefGroup = B07D00FA29805CA8002268BC /* Products */;
			projectDirPath = "";
			projectRoot = "";
			targets = (
				B07D00F829805CA8002268BC /* FoodApp-iOS */,
			);
		};
/* End PBXProject section */

/* Begin PBXResourcesBuildPhase section */
		B07D00F729805CA8002268BC /* Resources */ = {
			isa = PBXResourcesBuildPhase;
			buildActionMask = 2147483647;
			files = (
				B07D010929805CA9002268BC /* LaunchScreen.storyboard in Resources */,
				B07D010629805CA9002268BC /* Assets.xcassets in Resources */,
			);
			runOnlyForDeploymentPostprocessing = 0;
		};
/* End PBXResourcesBuildPhase section */

/* Begin PBXSourcesBuildPhase section */
		B07D00F529805CA8002268BC /* Sources */ = {
			isa = PBXSourcesBuildPhase;
			buildActionMask = 2147483647;
			files = (
				B03CB4912982EAFC00293B0D /* SearchViewController.swift in Sources */,
				B03CB48F2982EAE500293B0D /* HomeViewController.swift in Sources */,
				B07D010129805CA8002268BC /* ViewController.swift in Sources */,
				B03CB4932982EB6F00293B0D /* FavoriteViewController.swift in Sources */,
				B03CB48C2982E00600293B0D /* MainTabBarViewController.swift in Sources */,
				B03CB49C2982EB8A00293B0D /* CollectionViewTableViewCell.swift in Sources */,
				B07D00FD29805CA8002268BC /* AppDelegate.swift in Sources */,
				B03CB4952982EB8A00293B0D /* ProfileViewController.swift in Sources */,
				B07D00FF29805CA8002268BC /* SceneDelegate.swift in Sources */,
				B04FB0112982FA5F00630D8D /* HeaderUIView.swift in Sources */,
			);
			runOnlyForDeploymentPostprocessing = 0;
		};
/* End PBXSourcesBuildPhase section */

/* Begin PBXVariantGroup section */
		B07D010729805CA9002268BC /* LaunchScreen.storyboard */ = {
			isa = PBXVariantGroup;
			children = (
				B07D010829805CA9002268BC /* Base */,
			);
			name = LaunchScreen.storyboard;
			sourceTree = "<group>";
		};
/* End PBXVariantGroup section */

/* Begin XCBuildConfiguration section */
		B07D010B29805CA9002268BC /* Debug */ = {
			isa = XCBuildConfiguration;
			buildSettings = {
				ALWAYS_SEARCH_USER_PATHS = NO;
				CLANG_ANALYZER_NONNULL = YES;
				CLANG_ANALYZER_NUMBER_OBJECT_CONVERSION = YES_AGGRESSIVE;
				CLANG_CXX_LANGUAGE_STANDARD = "gnu++17";
				CLANG_CXX_LIBRARY = "libc++";
				CLANG_ENABLE_MODULES = YES;
				CLANG_ENABLE_OBJC_ARC = YES;
				CLANG_ENABLE_OBJC_WEAK = YES;
				CLANG_WARN_BLOCK_CAPTURE_AUTORELEASING = YES;
				CLANG_WARN_BOOL_CONVERSION = YES;
				CLANG_WARN_COMMA = YES;
				CLANG_WARN_CONSTANT_CONVERSION = YES;
				CLANG_WARN_DEPRECATED_OBJC_IMPLEMENTATIONS = YES;
				CLANG_WARN_DIRECT_OBJC_ISA_USAGE = YES_ERROR;
				CLANG_WARN_DOCUMENTATION_COMMENTS = YES;
				CLANG_WARN_EMPTY_BODY = YES;
				CLANG_WARN_ENUM_CONVERSION = YES;
				CLANG_WARN_INFINITE_RECURSION = YES;
				CLANG_WARN_INT_CONVERSION = YES;
				CLANG_WARN_NON_LITERAL_NULL_CONVERSION = YES;
				CLANG_WARN_OBJC_IMPLICIT_RETAIN_SELF = YES;
				CLANG_WARN_OBJC_LITERAL_CONVERSION = YES;
				CLANG_WARN_OBJC_ROOT_CLASS = YES_ERROR;
				CLANG_WARN_QUOTED_INCLUDE_IN_FRAMEWORK_HEADER = YES;
				CLANG_WARN_RANGE_LOOP_ANALYSIS = YES;
				CLANG_WARN_STRICT_PROTOTYPES = YES;
				CLANG_WARN_SUSPICIOUS_MOVE = YES;
				CLANG_WARN_UNGUARDED_AVAILABILITY = YES_AGGRESSIVE;
				CLANG_WARN_UNREACHABLE_CODE = YES;
				CLANG_WARN__DUPLICATE_METHOD_MATCH = YES;
				COPY_PHASE_STRIP = NO;
				DEBUG_INFORMATION_FORMAT = dwarf;
				ENABLE_STRICT_OBJC_MSGSEND = YES;
				ENABLE_TESTABILITY = YES;
				GCC_C_LANGUAGE_STANDARD = gnu11;
				GCC_DYNAMIC_NO_PIC = NO;
				GCC_NO_COMMON_BLOCKS = YES;
				GCC_OPTIMIZATION_LEVEL = 0;
				GCC_PREPROCESSOR_DEFINITIONS = (
					"DEBUG=1",
					"$(inherited)",
				);
				GCC_WARN_64_TO_32_BIT_CONVERSION = YES;
				GCC_WARN_ABOUT_RETURN_TYPE = YES_ERROR;
				GCC_WARN_UNDECLARED_SELECTOR = YES;
				GCC_WARN_UNINITIALIZED_AUTOS = YES_AGGRESSIVE;
				GCC_WARN_UNUSED_FUNCTION = YES;
				GCC_WARN_UNUSED_VARIABLE = YES;
				IPHONEOS_DEPLOYMENT_TARGET = 15.0;
				MTL_ENABLE_DEBUG_INFO = INCLUDE_SOURCE;
				MTL_FAST_MATH = YES;
				ONLY_ACTIVE_ARCH = YES;
				SDKROOT = iphoneos;
				SWIFT_ACTIVE_COMPILATION_CONDITIONS = DEBUG;
				SWIFT_OPTIMIZATION_LEVEL = "-Onone";
			};
			name = Debug;
		};
		B07D010C29805CA9002268BC /* Release */ = {
			isa = XCBuildConfiguration;
			buildSettings = {
				ALWAYS_SEARCH_USER_PATHS = NO;
				CLANG_ANALYZER_NONNULL = YES;
				CLANG_ANALYZER_NUMBER_OBJECT_CONVERSION = YES_AGGRESSIVE;
				CLANG_CXX_LANGUAGE_STANDARD = "gnu++17";
				CLANG_CXX_LIBRARY = "libc++";
				CLANG_ENABLE_MODULES = YES;
				CLANG_ENABLE_OBJC_ARC = YES;
				CLANG_ENABLE_OBJC_WEAK = YES;
				CLANG_WARN_BLOCK_CAPTURE_AUTORELEASING = YES;
				CLANG_WARN_BOOL_CONVERSION = YES;
				CLANG_WARN_COMMA = YES;
				CLANG_WARN_CONSTANT_CONVERSION = YES;
				CLANG_WARN_DEPRECATED_OBJC_IMPLEMENTATIONS = YES;
				CLANG_WARN_DIRECT_OBJC_ISA_USAGE = YES_ERROR;
				CLANG_WARN_DOCUMENTATION_COMMENTS = YES;
				CLANG_WARN_EMPTY_BODY = YES;
				CLANG_WARN_ENUM_CONVERSION = YES;
				CLANG_WARN_INFINITE_RECURSION = YES;
				CLANG_WARN_INT_CONVERSION = YES;
				CLANG_WARN_NON_LITERAL_NULL_CONVERSION = YES;
				CLANG_WARN_OBJC_IMPLICIT_RETAIN_SELF = YES;
				CLANG_WARN_OBJC_LITERAL_CONVERSION = YES;
				CLANG_WARN_OBJC_ROOT_CLASS = YES_ERROR;
				CLANG_WARN_QUOTED_INCLUDE_IN_FRAMEWORK_HEADER = YES;
				CLANG_WARN_RANGE_LOOP_ANALYSIS = YES;
				CLANG_WARN_STRICT_PROTOTYPES = YES;
				CLANG_WARN_SUSPICIOUS_MOVE = YES;
				CLANG_WARN_UNGUARDED_AVAILABILITY = YES_AGGRESSIVE;
				CLANG_WARN_UNREACHABLE_CODE = YES;
				CLANG_WARN__DUPLICATE_METHOD_MATCH = YES;
				COPY_PHASE_STRIP = NO;
				DEBUG_INFORMATION_FORMAT = "dwarf-with-dsym";
				ENABLE_NS_ASSERTIONS = NO;
				ENABLE_STRICT_OBJC_MSGSEND = YES;
				GCC_C_LANGUAGE_STANDARD = gnu11;
				GCC_NO_COMMON_BLOCKS = YES;
				GCC_WARN_64_TO_32_BIT_CONVERSION = YES;
				GCC_WARN_ABOUT_RETURN_TYPE = YES_ERROR;
				GCC_WARN_UNDECLARED_SELECTOR = YES;
				GCC_WARN_UNINITIALIZED_AUTOS = YES_AGGRESSIVE;
				GCC_WARN_UNUSED_FUNCTION = YES;
				GCC_WARN_UNUSED_VARIABLE = YES;
				IPHONEOS_DEPLOYMENT_TARGET = 15.0;
				MTL_ENABLE_DEBUG_INFO = NO;
				MTL_FAST_MATH = YES;
				SDKROOT = iphoneos;
				SWIFT_COMPILATION_MODE = wholemodule;
				SWIFT_OPTIMIZATION_LEVEL = "-O";
				VALIDATE_PRODUCT = YES;
			};
			name = Release;
		};
		B07D010E29805CA9002268BC /* Debug */ = {
			isa = XCBuildConfiguration;
			buildSettings = {
				ASSETCATALOG_COMPILER_APPICON_NAME = AppIcon;
				ASSETCATALOG_COMPILER_GLOBAL_ACCENT_COLOR_NAME = AccentColor;
				CODE_SIGN_STYLE = Automatic;
				CURRENT_PROJECT_VERSION = 1;
				DEVELOPMENT_TEAM = "";
				GENERATE_INFOPLIST_FILE = YES;
				INFOPLIST_FILE = "FoodApp-iOS/Info.plist";
				INFOPLIST_KEY_UIApplicationSupportsIndirectInputEvents = YES;
				INFOPLIST_KEY_UILaunchStoryboardName = LaunchScreen;
				INFOPLIST_KEY_UISupportedInterfaceOrientations_iPad = "UIInterfaceOrientationPortrait UIInterfaceOrientationPortraitUpsideDown UIInterfaceOrientationLandscapeLeft UIInterfaceOrientationLandscapeRight";
				INFOPLIST_KEY_UISupportedInterfaceOrientations_iPhone = "UIInterfaceOrientationPortrait UIInterfaceOrientationLandscapeLeft UIInterfaceOrientationLandscapeRight";
				LD_RUNPATH_SEARCH_PATHS = (
					"$(inherited)",
					"@executable_path/Frameworks",
				);
				MARKETING_VERSION = 1.0;
				PRODUCT_BUNDLE_IDENTIFIER = "com.my.chpw.FoodApp-iOS";
				PRODUCT_NAME = "$(TARGET_NAME)";
				SWIFT_EMIT_LOC_STRINGS = YES;
				SWIFT_VERSION = 5.0;
				TARGETED_DEVICE_FAMILY = "1,2";
			};
			name = Debug;
		};
		B07D010F29805CA9002268BC /* Release */ = {
			isa = XCBuildConfiguration;
			buildSettings = {
				ASSETCATALOG_COMPILER_APPICON_NAME = AppIcon;
				ASSETCATALOG_COMPILER_GLOBAL_ACCENT_COLOR_NAME = AccentColor;
				CODE_SIGN_STYLE = Automatic;
				CURRENT_PROJECT_VERSION = 1;
				DEVELOPMENT_TEAM = "";
				GENERATE_INFOPLIST_FILE = YES;
				INFOPLIST_FILE = "FoodApp-iOS/Info.plist";
				INFOPLIST_KEY_UIApplicationSupportsIndirectInputEvents = YES;
				INFOPLIST_KEY_UILaunchStoryboardName = LaunchScreen;
				INFOPLIST_KEY_UISupportedInterfaceOrientations_iPad = "UIInterfaceOrientationPortrait UIInterfaceOrientationPortraitUpsideDown UIInterfaceOrientationLandscapeLeft UIInterfaceOrientationLandscapeRight";
				INFOPLIST_KEY_UISupportedInterfaceOrientations_iPhone = "UIInterfaceOrientationPortrait UIInterfaceOrientationLandscapeLeft UIInterfaceOrientationLandscapeRight";
				LD_RUNPATH_SEARCH_PATHS = (
					"$(inherited)",
					"@executable_path/Frameworks",
				);
				MARKETING_VERSION = 1.0;
				PRODUCT_BUNDLE_IDENTIFIER = "com.my.chpw.FoodApp-iOS";
				PRODUCT_NAME = "$(TARGET_NAME)";
				SWIFT_EMIT_LOC_STRINGS = YES;
				SWIFT_VERSION = 5.0;
				TARGETED_DEVICE_FAMILY = "1,2";
			};
			name = Release;
		};
/* End XCBuildConfiguration section */

/* Begin XCConfigurationList section */
		B07D00F429805CA8002268BC /* Build configuration list for PBXProject "FoodApp-iOS" */ = {
			isa = XCConfigurationList;
			buildConfigurations = (
				B07D010B29805CA9002268BC /* Debug */,
				B07D010C29805CA9002268BC /* Release */,
			);
			defaultConfigurationIsVisible = 0;
			defaultConfigurationName = Release;
		};
		B07D010D29805CA9002268BC /* Build configuration list for PBXNativeTarget "FoodApp-iOS" */ = {
			isa = XCConfigurationList;
			buildConfigurations = (
				B07D010E29805CA9002268BC /* Debug */,
				B07D010F29805CA9002268BC /* Release */,
			);
			defaultConfigurationIsVisible = 0;
			defaultConfigurationName = Release;
		};
/* End XCConfigurationList section */
	};
	rootObject = B07D00F129805CA8002268BC /* Project object */;
}
